Microsoft Visual Studio Solution File, Format Version 12.00
# Visual Studio Version 17
VisualStudioVersion = 17.5.2.0
MinimumVisualStudioVersion = 10.0.40219.1
Project("{FAE04EC0-301F-11D3-BF4B-00C04F79EFBC}") = "UniversityManagementApp", "UniversityManagementApp.csproj", "{3663D61D-25A7-1FF7-8FDE-65A26A84D04C}"
EndProject
Global
	GlobalSection(SolutionConfigurationPlatforms) = preSolution
		Debug|Any CPU = Debug|Any CPU
		Release|Any CPU = Release|Any CPU
	EndGlobalSection
	GlobalSection(ProjectConfigurationPlatforms) = postSolution
		{3663D61D-25A7-1FF7-8FDE-65A26A84D04C}.Debug|Any CPU.ActiveCfg = Debug|Any CPU
		{3663D61D-25A7-1FF7-8FDE-65A26A84D04C}.Debug|Any CPU.Build.0 = Debug|Any CPU
		{3663D61D-25A7-1FF7-8FDE-65A26A84D04C}.Release|Any CPU.ActiveCfg = Release|Any CPU
		{3663D61D-25A7-1FF7-8FDE-65A26A84D04C}.Release|Any CPU.Build.0 = Release|Any CPU
		{07B1BBD7-8311-4AB6-8780-7A02B47A6905}.Debug|Any CPU.ActiveCfg = Debug|Any CPU
		{07B1BBD7-8311-4AB6-8780-7A02B47A6905}.Debug|Any CPU.Build.0 = Debug|Any CPU
		{07B1BBD7-8311-4AB6-8780-7A02B47A6905}.Release|Any CPU.ActiveCfg = Release|Any CPU
		{07B1BBD7-8311-4AB6-8780-7A02B47A6905}.Release|Any CPU.Build.0 = Release|Any CPU
	EndGlobalSection
	GlobalSection(SolutionProperties) = preSolution
		HideSolutionNode = FALSE
	EndGlobalSection
	GlobalSection(ExtensibilityGlobals) = postSolution
		SolutionGuid = {B6FFE29D-79F3-4718-B6B9-38DD8976776A}
	EndGlobalSection
EndGlobal
